
Microsoft Visual Studio Solution File, Format Version 12.00
# Visual Studio Version 16
VisualStudioVersion = 16.0.28922.388
MinimumVisualStudioVersion = 10.0.40219.1
Project("{9A19103F-16F7-4668-BE54-9A1E7A4F7556}") = "Z3_solveur", "Z3_solveur.csproj", "{3F8EBEB2-1769-4F53-830A-8A2FCB896B5C}"
EndProject
Project("{9A19103F-16F7-4668-BE54-9A1E7A4F7556}") = "TestZ3", "..\TestZ3\TestZ3.csproj", "{6C31C8FA-2ABD-48B4-9A26-691948CB4EE0}"
EndProject
Global
	GlobalSection(SolutionConfigurationPlatforms) = preSolution
		Debug|Any CPU = Debug|Any CPU
		Release|Any CPU = Release|Any CPU
	EndGlobalSection
	GlobalSection(ProjectConfigurationPlatforms) = postSolution
		{3F8EBEB2-1769-4F53-830A-8A2FCB896B5C}.Debug|Any CPU.ActiveCfg = Debug|Any CPU
		{3F8EBEB2-1769-4F53-830A-8A2FCB896B5C}.Debug|Any CPU.Build.0 = Debug|Any CPU
		{3F8EBEB2-1769-4F53-830A-8A2FCB896B5C}.Release|Any CPU.ActiveCfg = Release|Any CPU
		{3F8EBEB2-1769-4F53-830A-8A2FCB896B5C}.Release|Any CPU.Build.0 = Release|Any CPU
		{6C31C8FA-2ABD-48B4-9A26-691948CB4EE0}.Debug|Any CPU.ActiveCfg = Debug|Any CPU
		{6C31C8FA-2ABD-48B4-9A26-691948CB4EE0}.Debug|Any CPU.Build.0 = Debug|Any CPU
		{6C31C8FA-2ABD-48B4-9A26-691948CB4EE0}.Release|Any CPU.ActiveCfg = Release|Any CPU
		{6C31C8FA-2ABD-48B4-9A26-691948CB4EE0}.Release|Any CPU.Build.0 = Release|Any CPU
	EndGlobalSection
	GlobalSection(SolutionProperties) = preSolution
		HideSolutionNode = FALSE
	EndGlobalSection
	GlobalSection(ExtensibilityGlobals) = postSolution
		SolutionGuid = {8EF8D6DC-6640-4E6E-8B72-A46019319EEA}
	EndGlobalSection
EndGlobal
